
Microsoft Visual Studio Solution File, Format Version 12.00
# Visual Studio Version 17
VisualStudioVersion = 17.10.34928.147
MinimumVisualStudioVersion = 10.0.40219.1
Project("{8BC9CEB8-8B4A-11D0-8D11-00A0C91BC942}") = "Array", "HongC++\HongC++.vcxproj", "{F0EAF5A3-4457-407C-B03E-AA3E4ACEA74A}"
EndProject
Project("{8BC9CEB8-8B4A-11D0-8D11-00A0C91BC942}") = "Fuction", "Fuction\Fuction.vcxproj", "{C8ECC494-614F-4714-9BEF-E0C4AE7E38E7}"
EndProject
Project("{8BC9CEB8-8B4A-11D0-8D11-00A0C91BC942}") = "AlgorithmRecursive", "algorithm\algorithm.vcxproj", "{5174E40D-90A9-4687-B8BB-0F5CFCA5A682}"
EndProject
Project("{8BC9CEB8-8B4A-11D0-8D11-00A0C91BC942}") = "ObjectOrientedProgram(OOP)1", "ObjectOrientedProgramming\ObjectOrientedProgramming.vcxproj", "{90DC433C-3379-4519-A7E0-A99E9F6FDF59}"
EndProject
Project("{8BC9CEB8-8B4A-11D0-8D11-00A0C91BC942}") = "Test", "Test\Test.vcxproj", "{007D432F-3B04-417B-867C-20AAA630B2DD}"
EndProject
Project("{8BC9CEB8-8B4A-11D0-8D11-00A0C91BC942}") = "Operator", "Operator\Operator.vcxproj", "{05012E5B-494F-4894-A118-286CB433F974}"
EndProject
Project("{8BC9CEB8-8B4A-11D0-8D11-00A0C91BC942}") = "FunctionPtrTest", "FunctionPtrTest\FunctionPtrTest.vcxproj", "{40F94E73-D5C2-4F1B-A97D-A059CE622412}"
EndProject
Project("{8BC9CEB8-8B4A-11D0-8D11-00A0C91BC942}") = "ObjectReleationship", "OOP\OOP.vcxproj", "{DDF080F7-DFE0-4C2E-B74B-2750574A41B6}"
EndProject
Project("{8BC9CEB8-8B4A-11D0-8D11-00A0C91BC942}") = "VariableArguemntTest", "VariableArguemntTest\VariableArguemntTest.vcxproj", "{F428A18F-1F52-4043-A6D2-6371D3BDB74E}"
EndProject
Project("{8BC9CEB8-8B4A-11D0-8D11-00A0C91BC942}") = "Inheritance", "Inheritance\Inheritance.vcxproj", "{D6939554-81AB-493C-81A6-F61F4A0830C4}"
EndProject
Project("{8BC9CEB8-8B4A-11D0-8D11-00A0C91BC942}") = "VirtualFunction(1,2)", "VirtualFunction\VirtualFunction.vcxproj", "{BC0631C9-F494-4AC8-8466-229A04FC6745}"
EndProject
Project("{8BC9CEB8-8B4A-11D0-8D11-00A0C91BC942}") = "VirtualFunction(3~8)", "VirtualFunction(3)\VirtualFunction(3).vcxproj", "{587FB9F4-543F-47CF-A8A7-AC416030E086}"
EndProject
Project("{8BC9CEB8-8B4A-11D0-8D11-00A0C91BC942}") = "VirtualTable(9~10)", "VirtualTable(9~)\VirtualTable(9~).vcxproj", "{1F295027-363C-4CBB-AF92-BA1D69C12875}"
EndProject
Project("{8BC9CEB8-8B4A-11D0-8D11-00A0C91BC942}") = "virtualFunction(11)", "virtualFunction(11)\virtualFunction(11).vcxproj", "{AF865D0F-9385-49FC-93FB-F7531A718101}"
EndProject
Project("{8BC9CEB8-8B4A-11D0-8D11-00A0C91BC942}") = "PolymorphismTest", "PolymorphismTest\PolymorphismTest.vcxproj", "{0C3E562D-EBAD-4540-9A4D-A471AEF35407}"
EndProject
Project("{8BC9CEB8-8B4A-11D0-8D11-00A0C91BC942}") = "TemplateMeta", "TemplateMeta\TemplateMeta.vcxproj", "{AC54EF0C-CEAF-4475-96F6-4EA197732E8D}"
EndProject
Project("{8BC9CEB8-8B4A-11D0-8D11-00A0C91BC942}") = "CastingTest", "CastingTest\CastingTest.vcxproj", "{FBC453DF-CBBA-4E0B-B42B-10BBD5867CDF}"
EndProject
Project("{8BC9CEB8-8B4A-11D0-8D11-00A0C91BC942}") = "Templates", "Templates\Templates.vcxproj", "{89FF373F-9649-4D5A-9EB1-16DE9BE8B9BA}"
EndProject
Project("{8BC9CEB8-8B4A-11D0-8D11-00A0C91BC942}") = "Allocator", "Allocator\Allocator.vcxproj", "{EE287FA6-EBF8-456C-8BDE-EF9369CEE313}"
EndProject
Project("{8BC9CEB8-8B4A-11D0-8D11-00A0C91BC942}") = "Exception", "Exception\Exception.vcxproj", "{566096EB-925B-40DB-A4A7-3CE4E1E64C08}"
EndProject
Global
	GlobalSection(SolutionConfigurationPlatforms) = preSolution
		Debug|x64 = Debug|x64
		Debug|x86 = Debug|x86
		Release|x64 = Release|x64
		Release|x86 = Release|x86
	EndGlobalSection
	GlobalSection(ProjectConfigurationPlatforms) = postSolution
		{F0EAF5A3-4457-407C-B03E-AA3E4ACEA74A}.Debug|x64.ActiveCfg = Debug|x64
		{F0EAF5A3-4457-407C-B03E-AA3E4ACEA74A}.Debug|x64.Build.0 = Debug|x64
		{F0EAF5A3-4457-407C-B03E-AA3E4ACEA74A}.Debug|x86.ActiveCfg = Debug|Win32
		{F0EAF5A3-4457-407C-B03E-AA3E4ACEA74A}.Debug|x86.Build.0 = Debug|Win32
		{F0EAF5A3-4457-407C-B03E-AA3E4ACEA74A}.Release|x64.ActiveCfg = Release|x64
		{F0EAF5A3-4457-407C-B03E-AA3E4ACEA74A}.Release|x64.Build.0 = Release|x64
		{F0EAF5A3-4457-407C-B03E-AA3E4ACEA74A}.Release|x86.ActiveCfg = Release|Win32
		{F0EAF5A3-4457-407C-B03E-AA3E4ACEA74A}.Release|x86.Build.0 = Release|Win32
		{C8ECC494-614F-4714-9BEF-E0C4AE7E38E7}.Debug|x64.ActiveCfg = Debug|x64
		{C8ECC494-614F-4714-9BEF-E0C4AE7E38E7}.Debug|x64.Build.0 = Debug|x64
		{C8ECC494-614F-4714-9BEF-E0C4AE7E38E7}.Debug|x86.ActiveCfg = Debug|Win32
		{C8ECC494-614F-4714-9BEF-E0C4AE7E38E7}.Debug|x86.Build.0 = Debug|Win32
		{C8ECC494-614F-4714-9BEF-E0C4AE7E38E7}.Release|x64.ActiveCfg = Release|x64
		{C8ECC494-614F-4714-9BEF-E0C4AE7E38E7}.Release|x64.Build.0 = Release|x64
		{C8ECC494-614F-4714-9BEF-E0C4AE7E38E7}.Release|x86.ActiveCfg = Release|Win32
		{C8ECC494-614F-4714-9BEF-E0C4AE7E38E7}.Release|x86.Build.0 = Release|Win32
		{5174E40D-90A9-4687-B8BB-0F5CFCA5A682}.Debug|x64.ActiveCfg = Debug|x64
		{5174E40D-90A9-4687-B8BB-0F5CFCA5A682}.Debug|x64.Build.0 = Debug|x64
		{5174E40D-90A9-4687-B8BB-0F5CFCA5A682}.Debug|x86.ActiveCfg = Debug|Win32
		{5174E40D-90A9-4687-B8BB-0F5CFCA5A682}.Debug|x86.Build.0 = Debug|Win32
		{5174E40D-90A9-4687-B8BB-0F5CFCA5A682}.Release|x64.ActiveCfg = Release|x64
		{5174E40D-90A9-4687-B8BB-0F5CFCA5A682}.Release|x64.Build.0 = Release|x64
		{5174E40D-90A9-4687-B8BB-0F5CFCA5A682}.Release|x86.ActiveCfg = Release|Win32
		{5174E40D-90A9-4687-B8BB-0F5CFCA5A682}.Release|x86.Build.0 = Release|Win32
		{90DC433C-3379-4519-A7E0-A99E9F6FDF59}.Debug|x64.ActiveCfg = Debug|x64
		{90DC433C-3379-4519-A7E0-A99E9F6FDF59}.Debug|x64.Build.0 = Debug|x64
		{90DC433C-3379-4519-A7E0-A99E9F6FDF59}.Debug|x86.ActiveCfg = Debug|Win32
		{90DC433C-3379-4519-A7E0-A99E9F6FDF59}.Debug|x86.Build.0 = Debug|Win32
		{90DC433C-3379-4519-A7E0-A99E9F6FDF59}.Release|x64.ActiveCfg = Release|x64
		{90DC433C-3379-4519-A7E0-A99E9F6FDF59}.Release|x64.Build.0 = Release|x64
		{90DC433C-3379-4519-A7E0-A99E9F6FDF59}.Release|x86.ActiveCfg = Release|Win32
		{90DC433C-3379-4519-A7E0-A99E9F6FDF59}.Release|x86.Build.0 = Release|Win32
		{007D432F-3B04-417B-867C-20AAA630B2DD}.Debug|x64.ActiveCfg = Debug|x64
		{007D432F-3B04-417B-867C-20AAA630B2DD}.Debug|x64.Build.0 = Debug|x64
		{007D432F-3B04-417B-867C-20AAA630B2DD}.Debug|x86.ActiveCfg = Debug|Win32
		{007D432F-3B04-417B-867C-20AAA630B2DD}.Debug|x86.Build.0 = Debug|Win32
		{007D432F-3B04-417B-867C-20AAA630B2DD}.Release|x64.ActiveCfg = Release|x64
		{007D432F-3B04-417B-867C-20AAA630B2DD}.Release|x64.Build.0 = Release|x64
		{007D432F-3B04-417B-867C-20AAA630B2DD}.Release|x86.ActiveCfg = Release|Win32
		{007D432F-3B04-417B-867C-20AAA630B2DD}.Release|x86.Build.0 = Release|Win32
		{05012E5B-494F-4894-A118-286CB433F974}.Debug|x64.ActiveCfg = Debug|x64
		{05012E5B-494F-4894-A118-286CB433F974}.Debug|x64.Build.0 = Debug|x64
		{05012E5B-494F-4894-A118-286CB433F974}.Debug|x86.ActiveCfg = Debug|Win32
		{05012E5B-494F-4894-A118-286CB433F974}.Debug|x86.Build.0 = Debug|Win32
		{05012E5B-494F-4894-A118-286CB433F974}.Release|x64.ActiveCfg = Release|x64
		{05012E5B-494F-4894-A118-286CB433F974}.Release|x64.Build.0 = Release|x64
		{05012E5B-494F-4894-A118-286CB433F974}.Release|x86.ActiveCfg = Release|Win32
		{05012E5B-494F-4894-A118-286CB433F974}.Release|x86.Build.0 = Release|Win32
		{40F94E73-D5C2-4F1B-A97D-A059CE622412}.Debug|x64.ActiveCfg = Debug|x64
		{40F94E73-D5C2-4F1B-A97D-A059CE622412}.Debug|x64.Build.0 = Debug|x64
		{40F94E73-D5C2-4F1B-A97D-A059CE622412}.Debug|x86.ActiveCfg = Debug|Win32
		{40F94E73-D5C2-4F1B-A97D-A059CE622412}.Debug|x86.Build.0 = Debug|Win32
		{40F94E73-D5C2-4F1B-A97D-A059CE622412}.Release|x64.ActiveCfg = Release|x64
		{40F94E73-D5C2-4F1B-A97D-A059CE622412}.Release|x64.Build.0 = Release|x64
		{40F94E73-D5C2-4F1B-A97D-A059CE622412}.Release|x86.ActiveCfg = Release|Win32
		{40F94E73-D5C2-4F1B-A97D-A059CE622412}.Release|x86.Build.0 = Release|Win32
		{DDF080F7-DFE0-4C2E-B74B-2750574A41B6}.Debug|x64.ActiveCfg = Debug|x64
		{DDF080F7-DFE0-4C2E-B74B-2750574A41B6}.Debug|x64.Build.0 = Debug|x64
		{DDF080F7-DFE0-4C2E-B74B-2750574A41B6}.Debug|x86.ActiveCfg = Debug|Win32
		{DDF080F7-DFE0-4C2E-B74B-2750574A41B6}.Debug|x86.Build.0 = Debug|Win32
		{DDF080F7-DFE0-4C2E-B74B-2750574A41B6}.Release|x64.ActiveCfg = Release|x64
		{DDF080F7-DFE0-4C2E-B74B-2750574A41B6}.Release|x64.Build.0 = Release|x64
		{DDF080F7-DFE0-4C2E-B74B-2750574A41B6}.Release|x86.ActiveCfg = Release|Win32
		{DDF080F7-DFE0-4C2E-B74B-2750574A41B6}.Release|x86.Build.0 = Release|Win32
		{F428A18F-1F52-4043-A6D2-6371D3BDB74E}.Debug|x64.ActiveCfg = Debug|x64
		{F428A18F-1F52-4043-A6D2-6371D3BDB74E}.Debug|x64.Build.0 = Debug|x64
		{F428A18F-1F52-4043-A6D2-6371D3BDB74E}.Debug|x86.ActiveCfg = Debug|Win32
		{F428A18F-1F52-4043-A6D2-6371D3BDB74E}.Debug|x86.Build.0 = Debug|Win32
		{F428A18F-1F52-4043-A6D2-6371D3BDB74E}.Release|x64.ActiveCfg = Release|x64
		{F428A18F-1F52-4043-A6D2-6371D3BDB74E}.Release|x64.Build.0 = Release|x64
		{F428A18F-1F52-4043-A6D2-6371D3BDB74E}.Release|x86.ActiveCfg = Release|Win32
		{F428A18F-1F52-4043-A6D2-6371D3BDB74E}.Release|x86.Build.0 = Release|Win32
		{D6939554-81AB-493C-81A6-F61F4A0830C4}.Debug|x64.ActiveCfg = Debug|x64
		{D6939554-81AB-493C-81A6-F61F4A0830C4}.Debug|x64.Build.0 = Debug|x64
		{D6939554-81AB-493C-81A6-F61F4A0830C4}.Debug|x86.ActiveCfg = Debug|Win32
		{D6939554-81AB-493C-81A6-F61F4A0830C4}.Debug|x86.Build.0 = Debug|Win32
		{D6939554-81AB-493C-81A6-F61F4A0830C4}.Release|x64.ActiveCfg = Release|x64
		{D6939554-81AB-493C-81A6-F61F4A0830C4}.Release|x64.Build.0 = Release|x64
		{D6939554-81AB-493C-81A6-F61F4A0830C4}.Release|x86.ActiveCfg = Release|Win32
		{D6939554-81AB-493C-81A6-F61F4A0830C4}.Release|x86.Build.0 = Release|Win32
		{BC0631C9-F494-4AC8-8466-229A04FC6745}.Debug|x64.ActiveCfg = Debug|x64
		{BC0631C9-F494-4AC8-8466-229A04FC6745}.Debug|x64.Build.0 = Debug|x64
		{BC0631C9-F494-4AC8-8466-229A04FC6745}.Debug|x86.ActiveCfg = Debug|Win32
		{BC0631C9-F494-4AC8-8466-229A04FC6745}.Debug|x86.Build.0 = Debug|Win32
		{BC0631C9-F494-4AC8-8466-229A04FC6745}.Release|x64.ActiveCfg = Release|x64
		{BC0631C9-F494-4AC8-8466-229A04FC6745}.Release|x64.Build.0 = Release|x64
		{BC0631C9-F494-4AC8-8466-229A04FC6745}.Release|x86.ActiveCfg = Release|Win32
		{BC0631C9-F494-4AC8-8466-229A04FC6745}.Release|x86.Build.0 = Release|Win32
		{587FB9F4-543F-47CF-A8A7-AC416030E086}.Debug|x64.ActiveCfg = Debug|x64
		{587FB9F4-543F-47CF-A8A7-AC416030E086}.Debug|x64.Build.0 = Debug|x64
		{587FB9F4-543F-47CF-A8A7-AC416030E086}.Debug|x86.ActiveCfg = Debug|Win32
		{587FB9F4-543F-47CF-A8A7-AC416030E086}.Debug|x86.Build.0 = Debug|Win32
		{587FB9F4-543F-47CF-A8A7-AC416030E086}.Release|x64.ActiveCfg = Release|x64
		{587FB9F4-543F-47CF-A8A7-AC416030E086}.Release|x64.Build.0 = Release|x64
		{587FB9F4-543F-47CF-A8A7-AC416030E086}.Release|x86.ActiveCfg = Release|Win32
		{587FB9F4-543F-47CF-A8A7-AC416030E086}.Release|x86.Build.0 = Release|Win32
		{1F295027-363C-4CBB-AF92-BA1D69C12875}.Debug|x64.ActiveCfg = Debug|x64
		{1F295027-363C-4CBB-AF92-BA1D69C12875}.Debug|x64.Build.0 = Debug|x64
		{1F295027-363C-4CBB-AF92-BA1D69C12875}.Debug|x86.ActiveCfg = Debug|Win32
		{1F295027-363C-4CBB-AF92-BA1D69C12875}.Debug|x86.Build.0 = Debug|Win32
		{1F295027-363C-4CBB-AF92-BA1D69C12875}.Release|x64.ActiveCfg = Release|x64
		{1F295027-363C-4CBB-AF92-BA1D69C12875}.Release|x64.Build.0 = Release|x64
		{1F295027-363C-4CBB-AF92-BA1D69C12875}.Release|x86.ActiveCfg = Release|Win32
		{1F295027-363C-4CBB-AF92-BA1D69C12875}.Release|x86.Build.0 = Release|Win32
		{AF865D0F-9385-49FC-93FB-F7531A718101}.Debug|x64.ActiveCfg = Debug|x64
		{AF865D0F-9385-49FC-93FB-F7531A718101}.Debug|x64.Build.0 = Debug|x64
		{AF865D0F-9385-49FC-93FB-F7531A718101}.Debug|x86.ActiveCfg = Debug|Win32
		{AF865D0F-9385-49FC-93FB-F7531A718101}.Debug|x86.Build.0 = Debug|Win32
		{AF865D0F-9385-49FC-93FB-F7531A718101}.Release|x64.ActiveCfg = Release|x64
		{AF865D0F-9385-49FC-93FB-F7531A718101}.Release|x64.Build.0 = Release|x64
		{AF865D0F-9385-49FC-93FB-F7531A718101}.Release|x86.ActiveCfg = Release|Win32
		{AF865D0F-9385-49FC-93FB-F7531A718101}.Release|x86.Build.0 = Release|Win32
		{0C3E562D-EBAD-4540-9A4D-A471AEF35407}.Debug|x64.ActiveCfg = Debug|x64
		{0C3E562D-EBAD-4540-9A4D-A471AEF35407}.Debug|x64.Build.0 = Debug|x64
		{0C3E562D-EBAD-4540-9A4D-A471AEF35407}.Debug|x86.ActiveCfg = Debug|Win32
		{0C3E562D-EBAD-4540-9A4D-A471AEF35407}.Debug|x86.Build.0 = Debug|Win32
		{0C3E562D-EBAD-4540-9A4D-A471AEF35407}.Release|x64.ActiveCfg = Release|x64
		{0C3E562D-EBAD-4540-9A4D-A471AEF35407}.Release|x64.Build.0 = Release|x64
		{0C3E562D-EBAD-4540-9A4D-A471AEF35407}.Release|x86.ActiveCfg = Release|Win32
		{0C3E562D-EBAD-4540-9A4D-A471AEF35407}.Release|x86.Build.0 = Release|Win32
		{AC54EF0C-CEAF-4475-96F6-4EA197732E8D}.Debug|x64.ActiveCfg = Debug|x64
		{AC54EF0C-CEAF-4475-96F6-4EA197732E8D}.Debug|x64.Build.0 = Debug|x64
		{AC54EF0C-CEAF-4475-96F6-4EA197732E8D}.Debug|x86.ActiveCfg = Debug|Win32
		{AC54EF0C-CEAF-4475-96F6-4EA197732E8D}.Debug|x86.Build.0 = Debug|Win32
		{AC54EF0C-CEAF-4475-96F6-4EA197732E8D}.Release|x64.ActiveCfg = Release|x64
		{AC54EF0C-CEAF-4475-96F6-4EA197732E8D}.Release|x64.Build.0 = Release|x64
		{AC54EF0C-CEAF-4475-96F6-4EA197732E8D}.Release|x86.ActiveCfg = Release|Win32
		{AC54EF0C-CEAF-4475-96F6-4EA197732E8D}.Release|x86.Build.0 = Release|Win32
		{FBC453DF-CBBA-4E0B-B42B-10BBD5867CDF}.Debug|x64.ActiveCfg = Debug|x64
		{FBC453DF-CBBA-4E0B-B42B-10BBD5867CDF}.Debug|x64.Build.0 = Debug|x64
		{FBC453DF-CBBA-4E0B-B42B-10BBD5867CDF}.Debug|x86.ActiveCfg = Debug|Win32
		{FBC453DF-CBBA-4E0B-B42B-10BBD5867CDF}.Debug|x86.Build.0 = Debug|Win32
		{FBC453DF-CBBA-4E0B-B42B-10BBD5867CDF}.Release|x64.ActiveCfg = Release|x64
		{FBC453DF-CBBA-4E0B-B42B-10BBD5867CDF}.Release|x64.Build.0 = Release|x64
		{FBC453DF-CBBA-4E0B-B42B-10BBD5867CDF}.Release|x86.ActiveCfg = Release|Win32
		{FBC453DF-CBBA-4E0B-B42B-10BBD5867CDF}.Release|x86.Build.0 = Release|Win32
		{89FF373F-9649-4D5A-9EB1-16DE9BE8B9BA}.Debug|x64.ActiveCfg = Debug|x64
		{89FF373F-9649-4D5A-9EB1-16DE9BE8B9BA}.Debug|x64.Build.0 = Debug|x64
		{89FF373F-9649-4D5A-9EB1-16DE9BE8B9BA}.Debug|x86.ActiveCfg = Debug|Win32
		{89FF373F-9649-4D5A-9EB1-16DE9BE8B9BA}.Debug|x86.Build.0 = Debug|Win32
		{89FF373F-9649-4D5A-9EB1-16DE9BE8B9BA}.Release|x64.ActiveCfg = Release|x64
		{89FF373F-9649-4D5A-9EB1-16DE9BE8B9BA}.Release|x64.Build.0 = Release|x64
		{89FF373F-9649-4D5A-9EB1-16DE9BE8B9BA}.Release|x86.ActiveCfg = Release|Win32
		{89FF373F-9649-4D5A-9EB1-16DE9BE8B9BA}.Release|x86.Build.0 = Release|Win32
		{EE287FA6-EBF8-456C-8BDE-EF9369CEE313}.Debug|x64.ActiveCfg = Debug|x64
		{EE287FA6-EBF8-456C-8BDE-EF9369CEE313}.Debug|x64.Build.0 = Debug|x64
		{EE287FA6-EBF8-456C-8BDE-EF9369CEE313}.Debug|x86.ActiveCfg = Debug|Win32
		{EE287FA6-EBF8-456C-8BDE-EF9369CEE313}.Debug|x86.Build.0 = Debug|Win32
		{EE287FA6-EBF8-456C-8BDE-EF9369CEE313}.Release|x64.ActiveCfg = Release|x64
		{EE287FA6-EBF8-456C-8BDE-EF9369CEE313}.Release|x64.Build.0 = Release|x64
		{EE287FA6-EBF8-456C-8BDE-EF9369CEE313}.Release|x86.ActiveCfg = Release|Win32
		{EE287FA6-EBF8-456C-8BDE-EF9369CEE313}.Release|x86.Build.0 = Release|Win32
		{566096EB-925B-40DB-A4A7-3CE4E1E64C08}.Debug|x64.ActiveCfg = Debug|x64
		{566096EB-925B-40DB-A4A7-3CE4E1E64C08}.Debug|x64.Build.0 = Debug|x64
		{566096EB-925B-40DB-A4A7-3CE4E1E64C08}.Debug|x86.ActiveCfg = Debug|Win32
		{566096EB-925B-40DB-A4A7-3CE4E1E64C08}.Debug|x86.Build.0 = Debug|Win32
		{566096EB-925B-40DB-A4A7-3CE4E1E64C08}.Release|x64.ActiveCfg = Release|x64
		{566096EB-925B-40DB-A4A7-3CE4E1E64C08}.Release|x64.Build.0 = Release|x64
		{566096EB-925B-40DB-A4A7-3CE4E1E64C08}.Release|x86.ActiveCfg = Release|Win32
		{566096EB-925B-40DB-A4A7-3CE4E1E64C08}.Release|x86.Build.0 = Release|Win32
	EndGlobalSection
	GlobalSection(SolutionProperties) = preSolution
		HideSolutionNode = FALSE
	EndGlobalSection
	GlobalSection(ExtensibilityGlobals) = postSolution
		SolutionGuid = {F53FC27E-D6CC-4753-8A8E-A18F9AFD244C}
	EndGlobalSection
EndGlobal
